{
	"name": "buildcop",
	"version": "1.1.0",
	"lockfileVersion": 1,
	"requires": true,
	"dependencies": {
		"@types/chai": {
			"version": "4.2.7",
			"resolved": "https://registry.npmjs.org/@types/chai/-/chai-4.2.7.tgz",
			"integrity": "sha512-luq8meHGYwvky0O7u0eQZdA7B4Wd9owUCqvbw2m3XCrCU8mplYOujMBbvyS547AxJkC+pGnd0Cm15eNxEUNU8g==",
			"dev": true
		}
	}
}
