{
  "name": "buildcop",
  "version": "1.0.0",
  "lockfileVersion": 1,
  "requires": true,
  "dependencies": {
    "@types/chai": {
      "version": "4.2.6",
      "resolved": "https://registry.npmjs.org/@types/chai/-/chai-4.2.6.tgz",
      "integrity": "sha512-HF8faEUA4JurIm+68VaA2KedtZf5LYdXpQEAbIAN79DwWQbO82BNTksZgCH3UMqbZHXex9C6TrBfg7OUInRISQ==",
      "dev": true
    }
  }
}
