{
	"name": "generate-bot",
	"version": "1.1.0",
	"lockfileVersion": 1,
	"requires": true,
	"dependencies": {
		"snap-shot-it": {
			"version": "7.9.2",
			"resolved": "https://registry.npmjs.org/snap-shot-it/-/snap-shot-it-7.9.2.tgz",
			"integrity": "sha512-MYrlKx9zLDizbOkqyW1dIagwBwDqecu+jlcxpTKXZA+t2Q+D7m5BU45+Z3zhb2JPtWo+t7sieZks5nW0dw0rQw==",
			"dev": true,
			"requires": {
				"@bahmutov/data-driven": "1.0.0",
				"check-more-types": "2.24.0",
				"common-tags": "1.8.0",
				"debug": "4.1.1",
				"has-only": "1.1.1",
				"its-name": "1.0.0",
				"lazy-ass": "1.6.0",
				"pluralize": "8.0.0",
				"ramda": "0.26.1",
				"snap-shot-compare": "3.0.0",
				"snap-shot-core": "10.2.0"
			},
			"dependencies": {
				"@bahmutov/data-driven": {
					"version": "1.0.0",
					"resolved": "https://registry.npmjs.org/@bahmutov/data-driven/-/data-driven-1.0.0.tgz",
					"integrity": "sha512-YqW3hPS0RXriqjcCrLOTJj+LWe3c8JpwlL83k1ka1Q8U05ZjAKbGQZYeTzUd0NFEnnfPtsUiKGpFEBJG6kFuvg==",
					"dev": true,
					"requires": {
						"check-more-types": "2.24.0",
						"lazy-ass": "1.6.0"
					}
				},
				"@types/color-name": {
					"version": "1.1.1",
					"resolved": "https://registry.npmjs.org/@types/color-name/-/color-name-1.1.1.tgz",
					"integrity": "sha512-rr+OQyAjxze7GgWrSaJwydHStIhHq2lvY3BOC2Mj7KnzI7XK0Uw1TOOdI9lDoajEbSWLiYgoo4f1R51erQfhPQ==",
					"dev": true
				},
				"ansi-regex": {
					"version": "4.1.0",
					"resolved": "https://registry.npmjs.org/ansi-regex/-/ansi-regex-4.1.0.tgz",
					"integrity": "sha512-1apePfXM1UOSqw0o9IiFAovVz9M5S1Dg+4TrDwfMewQ6p/rmMueb7tWZjQ1rx4Loy1ArBggoqGpfqqdI4rondg==",
					"dev": true
				},
				"ansi-styles": {
					"version": "4.2.1",
					"resolved": "https://registry.npmjs.org/ansi-styles/-/ansi-styles-4.2.1.tgz",
					"integrity": "sha512-9VGjrMsG1vePxcSweQsN20KY/c4zN0h9fLjqAbwbPfahM3t+NL+M9HC8xeXG2I8pX5NoamTGNuomEUFI7fcUjA==",
					"dev": true,
					"requires": {
						"@types/color-name": "^1.1.1",
						"color-convert": "^2.0.1"
					}
				},
				"arg": {
					"version": "4.1.0",
					"resolved": "https://registry.npmjs.org/arg/-/arg-4.1.0.tgz",
					"integrity": "sha512-ZWc51jO3qegGkVh8Hwpv636EkbesNV5ZNQPCtRa+0qytRYPEs9IYT9qITY9buezqUH5uqyzlWLcufrzU2rffdg==",
					"dev": true
				},
				"chalk": {
					"version": "1.1.3",
					"resolved": "https://registry.npmjs.org/chalk/-/chalk-1.1.3.tgz",
					"integrity": "sha1-qBFcVeSnAv5NFQq9OHKCKn4J/Jg=",
					"dev": true,
					"requires": {
						"ansi-styles": "^2.2.1",
						"escape-string-regexp": "^1.0.2",
						"has-ansi": "^2.0.0",
						"strip-ansi": "^3.0.0",
						"supports-color": "^2.0.0"
					},
					"dependencies": {
						"ansi-regex": {
							"version": "2.1.1",
							"resolved": "https://registry.npmjs.org/ansi-regex/-/ansi-regex-2.1.1.tgz",
							"integrity": "sha1-w7M6te42DYbg5ijwRorn7yfWVN8=",
							"dev": true
						},
						"ansi-styles": {
							"version": "2.2.1",
							"resolved": "https://registry.npmjs.org/ansi-styles/-/ansi-styles-2.2.1.tgz",
							"integrity": "sha1-tDLdM1i2NM914eRmQ2gkBTPB3b4=",
							"dev": true
						},
						"strip-ansi": {
							"version": "3.0.1",
							"resolved": "https://registry.npmjs.org/strip-ansi/-/strip-ansi-3.0.1.tgz",
							"integrity": "sha1-ajhfuIU9lS1f8F0Oiq+UJ43GPc8=",
							"dev": true,
							"requires": {
								"ansi-regex": "^2.0.0"
							}
						}
					}
				},
				"check-more-types": {
					"version": "2.24.0",
					"resolved": "https://registry.npmjs.org/check-more-types/-/check-more-types-2.24.0.tgz",
					"integrity": "sha1-FCD/sQ/URNz8ebQ4kbv//TKoRgA=",
					"dev": true
				},
				"ci-info": {
					"version": "2.0.0",
					"resolved": "https://registry.npmjs.org/ci-info/-/ci-info-2.0.0.tgz",
					"integrity": "sha512-5tK7EtrZ0N+OLFMthtqOj4fI2Jeb88C4CAZPu25LDVUgXJ0A3Js4PMGqrn0JU1W0Mh1/Z8wZzYPxqUrXeBboCQ==",
					"dev": true
				},
				"color-convert": {
					"version": "2.0.1",
					"resolved": "https://registry.npmjs.org/color-convert/-/color-convert-2.0.1.tgz",
					"integrity": "sha512-RRECPsj7iu/xb5oKYcsFHSppFNnsj/52OVTRKb4zP5onXwVF3zVmmToNcOfGC+CRDpfK/U584fMg38ZHCaElKQ==",
					"dev": true,
					"requires": {
						"color-name": "~1.1.4"
					}
				},
				"color-name": {
					"version": "1.1.4",
					"resolved": "https://registry.npmjs.org/color-name/-/color-name-1.1.4.tgz",
					"integrity": "sha512-dOy+3AuW3a2wNbZHIuMZpTcgjGuLU/uBL/ubcZF9OXbDo8ff4O8yVp5Bf0efS8uEoYo5q4Fx7dY9OgQGXgAsQA==",
					"dev": true
				},
				"common-tags": {
					"version": "1.8.0",
					"resolved": "https://registry.npmjs.org/common-tags/-/common-tags-1.8.0.tgz",
					"integrity": "sha512-6P6g0uetGpW/sdyUy/iQQCbFF0kWVMSIVSyYz7Zgjcgh8mgw8PQzDNZeyZ5DQ2gM7LBoZPHmnjz8rUthkBG5tw==",
					"dev": true
				},
				"debug": {
					"version": "4.1.1",
					"resolved": "https://registry.npmjs.org/debug/-/debug-4.1.1.tgz",
					"integrity": "sha512-pYAIzeRo8J6KPEaJ0VWOh5Pzkbw/RetuzehGM7QRRX5he4fPHx2rdKMB256ehJCkX+XRQm16eZLqLNS8RSZXZw==",
					"dev": true,
					"requires": {
						"ms": "^2.1.1"
					}
				},
				"diff": {
					"version": "4.0.2",
					"resolved": "https://registry.npmjs.org/diff/-/diff-4.0.2.tgz",
					"integrity": "sha512-58lmxKSA4BNyLz+HHMUzlOEpg09FV+ev6ZMe3vJihgdxzgcwZ8VoEEPmALCZG9LmqfVoNMMKpttIYTVG6uDY7A==",
					"dev": true
				},
				"disparity": {
					"version": "3.0.0",
					"resolved": "https://registry.npmjs.org/disparity/-/disparity-3.0.0.tgz",
					"integrity": "sha512-n94Rzbv2ambRaFzrnBf34IEiyOdIci7maRpMkoQWB6xFYGA7Nbs0Z5YQzMfTeyQeelv23nayqOcssBoc6rKrgw==",
					"dev": true,
					"requires": {
						"ansi-styles": "^4.1.0",
						"diff": "^4.0.1"
					}
				},
				"escape-quotes": {
					"version": "1.0.2",
					"resolved": "https://registry.npmjs.org/escape-quotes/-/escape-quotes-1.0.2.tgz",
					"integrity": "sha1-tIltSmz4LdWzP0m3E0CMY4D2zZc=",
					"dev": true,
					"requires": {
						"escape-string-regexp": "^1.0.5"
					}
				},
				"escape-string-regexp": {
					"version": "1.0.5",
					"resolved": "https://registry.npmjs.org/escape-string-regexp/-/escape-string-regexp-1.0.5.tgz",
					"integrity": "sha1-G2HAViGQqN/2rjuyzwIAyhMLhtQ=",
					"dev": true
				},
				"folktale": {
					"version": "2.3.2",
					"resolved": "https://registry.npmjs.org/folktale/-/folktale-2.3.2.tgz",
					"integrity": "sha512-+8GbtQBwEqutP0v3uajDDoN64K2ehmHd0cjlghhxh0WpcfPzAIjPA03e1VvHlxL02FVGR0A6lwXsNQKn3H1RNQ==",
					"dev": true
				},
				"has-ansi": {
					"version": "2.0.0",
					"resolved": "https://registry.npmjs.org/has-ansi/-/has-ansi-2.0.0.tgz",
					"integrity": "sha1-NPUEnOHs3ysGSa8+8k5F7TVBbZE=",
					"dev": true,
					"requires": {
						"ansi-regex": "^2.0.0"
					},
					"dependencies": {
						"ansi-regex": {
							"version": "2.1.1",
							"resolved": "https://registry.npmjs.org/ansi-regex/-/ansi-regex-2.1.1.tgz",
							"integrity": "sha1-w7M6te42DYbg5ijwRorn7yfWVN8=",
							"dev": true
						}
					}
				},
				"has-only": {
					"version": "1.1.1",
					"resolved": "https://registry.npmjs.org/has-only/-/has-only-1.1.1.tgz",
					"integrity": "sha512-3GuFy9rDw0xvovCHb4SOKiRImbZ+a8boFBUyGNRPVd2mRyQOzYdau5G9nodUXC1ZKYN59hrHFkW1lgBQscYfTg==",
					"dev": true
				},
				"is-ci": {
					"version": "2.0.0",
					"resolved": "https://registry.npmjs.org/is-ci/-/is-ci-2.0.0.tgz",
					"integrity": "sha512-YfJT7rkpQB0updsdHLGWrvhBJfcfzNNawYDNIyQXJz0IViGf75O8EBPKSdvw2rF+LGCsX4FZ8tcr3b19LcZq4w==",
					"dev": true,
					"requires": {
						"ci-info": "^2.0.0"
					}
				},
				"its-name": {
					"version": "1.0.0",
					"resolved": "https://registry.npmjs.org/its-name/-/its-name-1.0.0.tgz",
					"integrity": "sha1-IGXxiD7LVoxl9xEt2/EjQB+uSvA=",
					"dev": true
				},
				"jsesc": {
					"version": "2.5.2",
					"resolved": "https://registry.npmjs.org/jsesc/-/jsesc-2.5.2.tgz",
					"integrity": "sha512-OYu7XEzjkCQ3C5Ps3QIZsQfNpqoJyZZA99wd9aWd05NCtC5pWOkShK2mkL6HXQR6/Cy2lbNdPlZBpuQHXE63gA==",
					"dev": true
				},
				"lazy-ass": {
					"version": "1.6.0",
					"resolved": "https://registry.npmjs.org/lazy-ass/-/lazy-ass-1.6.0.tgz",
					"integrity": "sha1-eZllXoZGwX8In90YfRUNMyTVRRM=",
					"dev": true
				},
				"minimist": {
					"version": "0.0.8",
					"resolved": "https://registry.npmjs.org/minimist/-/minimist-0.0.8.tgz",
					"integrity": "sha1-hX/Kv8M5fSYluCKCYuhqp6ARsF0=",
					"dev": true
				},
				"mkdirp": {
					"version": "0.5.1",
					"resolved": "https://registry.npmjs.org/mkdirp/-/mkdirp-0.5.1.tgz",
					"integrity": "sha1-MAV0OOrGz3+MR2fzhkjWaX11yQM=",
					"dev": true,
					"requires": {
						"minimist": "0.0.8"
					}
				},
				"ms": {
					"version": "2.1.2",
					"resolved": "https://registry.npmjs.org/ms/-/ms-2.1.2.tgz",
					"integrity": "sha512-sGkPx+VjMtmA6MX27oA4FBFELFCZZ4S4XqeGOXCv68tT+jb3vk/RyaKWP0PTKyWtmLSM0b+adUTEvbs1PEaH2w==",
					"dev": true
				},
				"object-assign": {
					"version": "4.1.1",
					"resolved": "https://registry.npmjs.org/object-assign/-/object-assign-4.1.1.tgz",
					"integrity": "sha1-IQmtx5ZYh8/AXLvUQsrIv7s2CGM=",
					"dev": true
				},
				"pluralize": {
					"version": "8.0.0",
					"resolved": "https://registry.npmjs.org/pluralize/-/pluralize-8.0.0.tgz",
					"integrity": "sha512-Nc3IT5yHzflTfbjgqWcCPpo7DaKy4FnpB0l/zCAW0Tc7jxAiuqSxHasntB3D7887LSrA93kDJ9IXovxJYxyLCA==",
					"dev": true
				},
				"quote": {
					"version": "0.4.0",
					"resolved": "https://registry.npmjs.org/quote/-/quote-0.4.0.tgz",
					"integrity": "sha1-EIOSF/bBNiuJGUBE0psjP9fzLwE=",
					"dev": true
				},
				"ramda": {
					"version": "0.26.1",
					"resolved": "https://registry.npmjs.org/ramda/-/ramda-0.26.1.tgz",
					"integrity": "sha512-hLWjpy7EnsDBb0p+Z3B7rPi3GDeRG5ZtiI33kJhTt+ORCd38AbAIjB/9zRIUoeTbE/AVX5ZkU7m6bznsvrf8eQ==",
					"dev": true
				},
				"snap-shot-compare": {
					"version": "3.0.0",
					"resolved": "https://registry.npmjs.org/snap-shot-compare/-/snap-shot-compare-3.0.0.tgz",
					"integrity": "sha512-bdwNOAGuKwPU+qsn0ASxTv+QfkXU+3VmkcDOkt965tes+JQQc8d6SfoLiEiRVhCey4v+ip2IjNUSbZm5nnkI9g==",
					"dev": true,
					"requires": {
						"check-more-types": "2.24.0",
						"debug": "4.1.1",
						"disparity": "3.0.0",
						"folktale": "2.3.2",
						"lazy-ass": "1.6.0",
						"strip-ansi": "5.2.0",
						"variable-diff": "1.1.0"
					}
				},
				"snap-shot-core": {
					"version": "10.2.0",
					"resolved": "https://registry.npmjs.org/snap-shot-core/-/snap-shot-core-10.2.0.tgz",
					"integrity": "sha512-FsP+Wd4SCA4bLSm3vi6OVgfmGQcAQkUhwy45zDjZDm/6dZ5SDIgP40ORHg7z6MgMAK2+fj2DmhW7SXyvMU55Vw==",
					"dev": true,
					"requires": {
						"arg": "4.1.0",
						"check-more-types": "2.24.0",
						"common-tags": "1.8.0",
						"debug": "4.1.1",
						"escape-quotes": "1.0.2",
						"folktale": "2.3.2",
						"is-ci": "2.0.0",
						"jsesc": "2.5.2",
						"lazy-ass": "1.6.0",
						"mkdirp": "0.5.1",
						"pluralize": "8.0.0",
						"quote": "0.4.0",
						"ramda": "0.26.1"
					}
				},
				"strip-ansi": {
					"version": "5.2.0",
					"resolved": "https://registry.npmjs.org/strip-ansi/-/strip-ansi-5.2.0.tgz",
					"integrity": "sha512-DuRs1gKbBqsMKIZlrffwlug8MHkcnpjs5VPmL1PAh+mA30U0DTotfDZ0d2UUsXpPmPmMMJ6W773MaA3J+lbiWA==",
					"dev": true,
					"requires": {
						"ansi-regex": "^4.1.0"
					}
				},
				"supports-color": {
					"version": "2.0.0",
					"resolved": "https://registry.npmjs.org/supports-color/-/supports-color-2.0.0.tgz",
					"integrity": "sha1-U10EXOa2Nj+kARcIRimZXp3zJMc=",
					"dev": true
				},
				"variable-diff": {
					"version": "1.1.0",
					"resolved": "https://registry.npmjs.org/variable-diff/-/variable-diff-1.1.0.tgz",
					"integrity": "sha1-0r1cZtt2wTh52W5qMG7cmJ35eNo=",
					"dev": true,
					"requires": {
						"chalk": "^1.1.1",
						"object-assign": "^4.0.1"
					}
				}
			}
		}
	}
}
