{
	"name": "publishbot",
	"version": "1.1.0",
	"lockfileVersion": 1,
	"requires": true,
	"dependencies": {
		"@types/chai": {
			"version": "4.2.9",
			"resolved": "https://registry.npmjs.org/@types/chai/-/chai-4.2.9.tgz",
			"integrity": "sha512-NeXgZj+MFL4izGqA4sapdYzkzQG+MtGra9vhQ58dnmDY++VgJaRUws+aLVV5zRJCYJl/8s9IjMmhiUw1WsKSmw==",
			"dev": true
		}
	}
}
